
Microsoft Visual Studio Solution File, Format Version 12.00
# Visual Studio Version 17
VisualStudioVersion = 17.9.34902.65
MinimumVisualStudioVersion = 10.0.40219.1
Project("{FAE04EC0-301F-11D3-BF4B-00C04F79EFBC}") = "Shared.API", "Shared.API\Shared.API.csproj", "{48AC3573-CDFD-48C5-AD4C-82D8F80CC350}"
EndProject
Project("{FAE04EC0-301F-11D3-BF4B-00C04F79EFBC}") = "Shared.Common", "Shared.Common\Shared.Common.csproj", "{D7A69928-1D68-4A16-9C00-4DCC133B8A21}"
EndProject
Global
	GlobalSection(SolutionConfigurationPlatforms) = preSolution
		Debug|Any CPU = Debug|Any CPU
		Release|Any CPU = Release|Any CPU
	EndGlobalSection
	GlobalSection(ProjectConfigurationPlatforms) = postSolution
		{48AC3573-CDFD-48C5-AD4C-82D8F80CC350}.Debug|Any CPU.ActiveCfg = Debug|Any CPU
		{48AC3573-CDFD-48C5-AD4C-82D8F80CC350}.Debug|Any CPU.Build.0 = Debug|Any CPU
		{48AC3573-CDFD-48C5-AD4C-82D8F80CC350}.Release|Any CPU.ActiveCfg = Release|Any CPU
		{48AC3573-CDFD-48C5-AD4C-82D8F80CC350}.Release|Any CPU.Build.0 = Release|Any CPU
		{D7A69928-1D68-4A16-9C00-4DCC133B8A21}.Debug|Any CPU.ActiveCfg = Debug|Any CPU
		{D7A69928-1D68-4A16-9C00-4DCC133B8A21}.Debug|Any CPU.Build.0 = Debug|Any CPU
		{D7A69928-1D68-4A16-9C00-4DCC133B8A21}.Release|Any CPU.ActiveCfg = Release|Any CPU
		{D7A69928-1D68-4A16-9C00-4DCC133B8A21}.Release|Any CPU.Build.0 = Release|Any CPU
	EndGlobalSection
	GlobalSection(SolutionProperties) = preSolution
		HideSolutionNode = FALSE
	EndGlobalSection
	GlobalSection(ExtensibilityGlobals) = postSolution
		SolutionGuid = {904CFCB9-6520-4C39-A57F-0FA52E5F1D81}
	EndGlobalSection
EndGlobal
